
Microsoft Visual Studio Solution File, Format Version 12.00
# Visual Studio 14
VisualStudioVersion = 14.0.22310.1
MinimumVisualStudioVersion = 10.0.40219.1
Project("{8BC9CEB8-8B4A-11D0-8D11-00A0C91BC942}") = "Nova Engine", "Nova Engine\Nova Engine.vcxproj", "{2EA5233D-D7D1-45FC-A69A-FA84749DE704}"
EndProject
Global
	GlobalSection(SolutionConfigurationPlatforms) = preSolution
		Debug|Win32 = Debug|Win32
		Debug|x64 = Debug|x64
		Experimental|Win32 = Experimental|Win32
		Experimental|x64 = Experimental|x64
		Release|Win32 = Release|Win32
		Release|x64 = Release|x64
	EndGlobalSection
	GlobalSection(ProjectConfigurationPlatforms) = postSolution
		{2EA5233D-D7D1-45FC-A69A-FA84749DE704}.Debug|Win32.ActiveCfg = Debug|Win32
		{2EA5233D-D7D1-45FC-A69A-FA84749DE704}.Debug|Win32.Build.0 = Debug|Win32
		{2EA5233D-D7D1-45FC-A69A-FA84749DE704}.Debug|x64.ActiveCfg = Debug|x64
		{2EA5233D-D7D1-45FC-A69A-FA84749DE704}.Debug|x64.Build.0 = Debug|x64
		{2EA5233D-D7D1-45FC-A69A-FA84749DE704}.Experimental|Win32.ActiveCfg = Experimental|Win32
		{2EA5233D-D7D1-45FC-A69A-FA84749DE704}.Experimental|Win32.Build.0 = Experimental|Win32
		{2EA5233D-D7D1-45FC-A69A-FA84749DE704}.Experimental|x64.ActiveCfg = Experimental|x64
		{2EA5233D-D7D1-45FC-A69A-FA84749DE704}.Experimental|x64.Build.0 = Experimental|x64
		{2EA5233D-D7D1-45FC-A69A-FA84749DE704}.Release|Win32.ActiveCfg = Release|Win32
		{2EA5233D-D7D1-45FC-A69A-FA84749DE704}.Release|Win32.Build.0 = Release|Win32
		{2EA5233D-D7D1-45FC-A69A-FA84749DE704}.Release|x64.ActiveCfg = Release|x64
		{2EA5233D-D7D1-45FC-A69A-FA84749DE704}.Release|x64.Build.0 = Release|x64
	EndGlobalSection
	GlobalSection(SolutionProperties) = preSolution
		HideSolutionNode = FALSE
	EndGlobalSection
EndGlobal
